// !$*UTF8*$!
{
	archiveVersion = 1;
	classes = {
	};
	objectVersion = 50;
	objects = {

/* Begin PBXBuildFile section */
		47C09B762415F32000AD7869 /* AppDelegate.swift in Sources */ = {isa = PBXBuildFile; fileRef = 47C09B752415F32000AD7869 /* AppDelegate.swift */; };
		47C09B782415F32000AD7869 /* SceneDelegate.swift in Sources */ = {isa = PBXBuildFile; fileRef = 47C09B772415F32000AD7869 /* SceneDelegate.swift */; };
		47C09B7A2415F32000AD7869 /* ContentView.swift in Sources */ = {isa = PBXBuildFile; fileRef = 47C09B792415F32000AD7869 /* ContentView.swift */; };
		47C09B7C2415F32100AD7869 /* Assets.xcassets in Resources */ = {isa = PBXBuildFile; fileRef = 47C09B7B2415F32100AD7869 /* Assets.xcassets */; };
		47C09B7F2415F32100AD7869 /* Preview Assets.xcassets in Resources */ = {isa = PBXBuildFile; fileRef = 47C09B7E2415F32100AD7869 /* Preview Assets.xcassets */; };
		47C09B822415F32100AD7869 /* LaunchScreen.storyboard in Resources */ = {isa = PBXBuildFile; fileRef = 47C09B802415F32100AD7869 /* LaunchScreen.storyboard */; };
		47C09B8D2415F32100AD7869 /* RoyaleTests.swift in Sources */ = {isa = PBXBuildFile; fileRef = 47C09B8C2415F32100AD7869 /* RoyaleTests.swift */; };
		47C09B982415F32100AD7869 /* RoyaleUITests.swift in Sources */ = {isa = PBXBuildFile; fileRef = 47C09B972415F32100AD7869 /* RoyaleUITests.swift */; };
/* End PBXBuildFile section */

/* Begin PBXContainerItemProxy section */
		47C09B892415F32100AD7869 /* PBXContainerItemProxy */ = {
			isa = PBXContainerItemProxy;
			containerPortal = 47C09B6A2415F32000AD7869 /* Project object */;
			proxyType = 1;
			remoteGlobalIDString = 47C09B712415F32000AD7869;
			remoteInfo = Royale;
		};
		47C09B942415F32100AD7869 /* PBXContainerItemProxy */ = {
			isa = PBXContainerItemProxy;
			containerPortal = 47C09B6A2415F32000AD7869 /* Project object */;
			proxyType = 1;
			remoteGlobalIDString = 47C09B712415F32000AD7869;
			remoteInfo = Royale;
		};
/* End PBXContainerItemProxy section */

/* Begin PBXFileReference section */
		47C09B722415F32000AD7869 /* Royale.app */ = {isa = PBXFileReference; explicitFileType = wrapper.application; includeInIndex = 0; path = Royale.app; sourceTree = BUILT_PRODUCTS_DIR; };
		47C09B752415F32000AD7869 /* AppDelegate.swift */ = {isa = PBXFileReference; lastKnownFileType = sourcecode.swift; path = AppDelegate.swift; sourceTree = "<group>"; };
		47C09B772415F32000AD7869 /* SceneDelegate.swift */ = {isa = PBXFileReference; lastKnownFileType = sourcecode.swift; path = SceneDelegate.swift; sourceTree = "<group>"; };
		47C09B792415F32000AD7869 /* ContentView.swift */ = {isa = PBXFileReference; lastKnownFileType = sourcecode.swift; path = ContentView.swift; sourceTree = "<group>"; };
		47C09B7B2415F32100AD7869 /* Assets.xcassets */ = {isa = PBXFileReference; lastKnownFileType = folder.assetcatalog; path = Assets.xcassets; sourceTree = "<group>"; };
		47C09B7E2415F32100AD7869 /* Preview Assets.xcassets */ = {isa = PBXFileReference; lastKnownFileType = folder.assetcatalog; path = "Preview Assets.xcassets"; sourceTree = "<group>"; };
		47C09B812415F32100AD7869 /* Base */ = {isa = PBXFileReference; lastKnownFileType = file.storyboard; name = Base; path = Base.lproj/LaunchScreen.storyboard; sourceTree = "<group>"; };
		47C09B832415F32100AD7869 /* Info.plist */ = {isa = PBXFileReference; lastKnownFileType = text.plist.xml; path = Info.plist; sourceTree = "<group>"; };
		47C09B882415F32100AD7869 /* RoyaleTests.xctest */ = {isa = PBXFileReference; explicitFileType = wrapper.cfbundle; includeInIndex = 0; path = RoyaleTests.xctest; sourceTree = BUILT_PRODUCTS_DIR; };
		47C09B8C2415F32100AD7869 /* RoyaleTests.swift */ = {isa = PBXFileReference; lastKnownFileType = sourcecode.swift; path = RoyaleTests.swift; sourceTree = "<group>"; };
		47C09B8E2415F32100AD7869 /* Info.plist */ = {isa = PBXFileReference; lastKnownFileType = text.plist.xml; path = Info.plist; sourceTree = "<group>"; };
		47C09B932415F32100AD7869 /* RoyaleUITests.xctest */ = {isa = PBXFileReference; explicitFileType = wrapper.cfbundle; includeInIndex = 0; path = RoyaleUITests.xctest; sourceTree = BUILT_PRODUCTS_DIR; };
		47C09B972415F32100AD7869 /* RoyaleUITests.swift */ = {isa = PBXFileReference; lastKnownFileType = sourcecode.swift; path = RoyaleUITests.swift; sourceTree = "<group>"; };
		47C09B992415F32100AD7869 /* Info.plist */ = {isa = PBXFileReference; lastKnownFileType = text.plist.xml; path = Info.plist; sourceTree = "<group>"; };
/* End PBXFileReference section */

/* Begin PBXFrameworksBuildPhase section */
		47C09B6F2415F32000AD7869 /* Frameworks */ = {
			isa = PBXFrameworksBuildPhase;
			buildActionMask = 2147483647;
			files = (
			);
			runOnlyForDeploymentPostprocessing = 0;
		};
		47C09B852415F32100AD7869 /* Frameworks */ = {
			isa = PBXFrameworksBuildPhase;
			buildActionMask = 2147483647;
			files = (
			);
			runOnlyForDeploymentPostprocessing = 0;
		};
		47C09B902415F32100AD7869 /* Frameworks */ = {
			isa = PBXFrameworksBuildPhase;
			buildActionMask = 2147483647;
			files = (
			);
			runOnlyForDeploymentPostprocessing = 0;
		};
/* End PBXFrameworksBuildPhase section */

/* Begin PBXGroup section */
		47C09B692415F32000AD7869 = {
			isa = PBXGroup;
			children = (
				47C09B742415F32000AD7869 /* Royale */,
				47C09B8B2415F32100AD7869 /* RoyaleTests */,
				47C09B962415F32100AD7869 /* RoyaleUITests */,
				47C09B732415F32000AD7869 /* Products */,
			);
			sourceTree = "<group>";
		};
		47C09B732415F32000AD7869 /* Products */ = {
			isa = PBXGroup;
			children = (
				47C09B722415F32000AD7869 /* Royale.app */,
				47C09B882415F32100AD7869 /* RoyaleTests.xctest */,
				47C09B932415F32100AD7869 /* RoyaleUITests.xctest */,
			);
			name = Products;
			sourceTree = "<group>";
		};
		47C09B742415F32000AD7869 /* Royale */ = {
			isa = PBXGroup;
			children = (
				47C09B752415F32000AD7869 /* AppDelegate.swift */,
				47C09B772415F32000AD7869 /* SceneDelegate.swift */,
				47C09B792415F32000AD7869 /* ContentView.swift */,
				47C09B7B2415F32100AD7869 /* Assets.xcassets */,
				47C09B802415F32100AD7869 /* LaunchScreen.storyboard */,
				47C09B832415F32100AD7869 /* Info.plist */,
				47C09B7D2415F32100AD7869 /* Preview Content */,
			);
			path = Royale;
			sourceTree = "<group>";
		};
		47C09B7D2415F32100AD7869 /* Preview Content */ = {
			isa = PBXGroup;
			children = (
				47C09B7E2415F32100AD7869 /* Preview Assets.xcassets */,
			);
			path = "Preview Content";
			sourceTree = "<group>";
		};
		47C09B8B2415F32100AD7869 /* RoyaleTests */ = {
			isa = PBXGroup;
			children = (
				47C09B8C2415F32100AD7869 /* RoyaleTests.swift */,
				47C09B8E2415F32100AD7869 /* Info.plist */,
			);
			path = RoyaleTests;
			sourceTree = "<group>";
		};
		47C09B962415F32100AD7869 /* RoyaleUITests */ = {
			isa = PBXGroup;
			children = (
				47C09B972415F32100AD7869 /* RoyaleUITests.swift */,
				47C09B992415F32100AD7869 /* Info.plist */,
			);
			path = RoyaleUITests;
			sourceTree = "<group>";
		};
/* End PBXGroup section */

/* Begin PBXNativeTarget section */
		47C09B712415F32000AD7869 /* Royale */ = {
			isa = PBXNativeTarget;
			buildConfigurationList = 47C09B9C2415F32100AD7869 /* Build configuration list for PBXNativeTarget "Royale" */;
			buildPhases = (
				47C09B6E2415F32000AD7869 /* Sources */,
				47C09B6F2415F32000AD7869 /* Frameworks */,
				47C09B702415F32000AD7869 /* Resources */,
			);
			buildRules = (
			);
			dependencies = (
			);
			name = Royale;
			productName = Royale;
			productReference = 47C09B722415F32000AD7869 /* Royale.app */;
			productType = "com.apple.product-type.application";
		};
		47C09B872415F32100AD7869 /* RoyaleTests */ = {
			isa = PBXNativeTarget;
			buildConfigurationList = 47C09B9F2415F32100AD7869 /* Build configuration list for PBXNativeTarget "RoyaleTests" */;
			buildPhases = (
				47C09B842415F32100AD7869 /* Sources */,
				47C09B852415F32100AD7869 /* Frameworks */,
				47C09B862415F32100AD7869 /* Resources */,
			);
			buildRules = (
			);
			dependencies = (
				47C09B8A2415F32100AD7869 /* PBXTargetDependency */,
			);
			name = RoyaleTests;
			productName = RoyaleTests;
			productReference = 47C09B882415F32100AD7869 /* RoyaleTests.xctest */;
			productType = "com.apple.product-type.bundle.unit-test";
		};
		47C09B922415F32100AD7869 /* RoyaleUITests */ = {
			isa = PBXNativeTarget;
			buildConfigurationList = 47C09BA22415F32100AD7869 /* Build configuration list for PBXNativeTarget "RoyaleUITests" */;
			buildPhases = (
				47C09B8F2415F32100AD7869 /* Sources */,
				47C09B902415F32100AD7869 /* Frameworks */,
				47C09B912415F32100AD7869 /* Resources */,
			);
			buildRules = (
			);
			dependencies = (
				47C09B952415F32100AD7869 /* PBXTargetDependency */,
			);
			name = RoyaleUITests;
			productName = RoyaleUITests;
			productReference = 47C09B932415F32100AD7869 /* RoyaleUITests.xctest */;
			productType = "com.apple.product-type.bundle.ui-testing";
		};
/* End PBXNativeTarget section */

/* Begin PBXProject section */
		47C09B6A2415F32000AD7869 /* Project object */ = {
			isa = PBXProject;
			attributes = {
				LastSwiftUpdateCheck = 1130;
				LastUpgradeCheck = 1130;
				ORGANIZATIONNAME = "Arnav Thirunagari";
				TargetAttributes = {
					47C09B712415F32000AD7869 = {
						CreatedOnToolsVersion = 11.3.1;
					};
					47C09B872415F32100AD7869 = {
						CreatedOnToolsVersion = 11.3.1;
						TestTargetID = 47C09B712415F32000AD7869;
					};
					47C09B922415F32100AD7869 = {
						CreatedOnToolsVersion = 11.3.1;
						TestTargetID = 47C09B712415F32000AD7869;
					};
				};
			};
			buildConfigurationList = 47C09B6D2415F32000AD7869 /* Build configuration list for PBXProject "Royale" */;
			compatibilityVersion = "Xcode 9.3";
			developmentRegion = en;
			hasScannedForEncodings = 0;
			knownRegions = (
				en,
				Base,
			);
			mainGroup = 47C09B692415F32000AD7869;
			productRefGroup = 47C09B732415F32000AD7869 /* Products */;
			projectDirPath = "";
			projectRoot = "";
			targets = (
				47C09B712415F32000AD7869 /* Royale */,
				47C09B872415F32100AD7869 /* RoyaleTests */,
				47C09B922415F32100AD7869 /* RoyaleUITests */,
			);
		};
/* End PBXProject section */

/* Begin PBXResourcesBuildPhase section */
		47C09B702415F32000AD7869 /* Resources */ = {
			isa = PBXResourcesBuildPhase;
			buildActionMask = 2147483647;
			files = (
				47C09B822415F32100AD7869 /* LaunchScreen.storyboard in Resources */,
				47C09B7F2415F32100AD7869 /* Preview Assets.xcassets in Resources */,
				47C09B7C2415F32100AD7869 /* Assets.xcassets in Resources */,
			);
			runOnlyForDeploymentPostprocessing = 0;
		};
		47C09B862415F32100AD7869 /* Resources */ = {
			isa = PBXResourcesBuildPhase;
			buildActionMask = 2147483647;
			files = (
			);
			runOnlyForDeploymentPostprocessing = 0;
		};
		47C09B912415F32100AD7869 /* Resources */ = {
			isa = PBXResourcesBuildPhase;
			buildActionMask = 2147483647;
			files = (
			);
			runOnlyForDeploymentPostprocessing = 0;
		};
/* End PBXResourcesBuildPhase section */

/* Begin PBXSourcesBuildPhase section */
		47C09B6E2415F32000AD7869 /* Sources */ = {
			isa = PBXSourcesBuildPhase;
			buildActionMask = 2147483647;
			files = (
				47C09B762415F32000AD7869 /* AppDelegate.swift in Sources */,
				47C09B782415F32000AD7869 /* SceneDelegate.swift in Sources */,
				47C09B7A2415F32000AD7869 /* ContentView.swift in Sources */,
			);
			runOnlyForDeploymentPostprocessing = 0;
		};
		47C09B842415F32100AD7869 /* Sources */ = {
			isa = PBXSourcesBuildPhase;
			buildActionMask = 2147483647;
			files = (
				47C09B8D2415F32100AD7869 /* RoyaleTests.swift in Sources */,
			);
			runOnlyForDeploymentPostprocessing = 0;
		};
		47C09B8F2415F32100AD7869 /* Sources */ = {
			isa = PBXSourcesBuildPhase;
			buildActionMask = 2147483647;
			files = (
				47C09B982415F32100AD7869 /* RoyaleUITests.swift in Sources */,
			);
			runOnlyForDeploymentPostprocessing = 0;
		};
/* End PBXSourcesBuildPhase section */

/* Begin PBXTargetDependency section */
		47C09B8A2415F32100AD7869 /* PBXTargetDependency */ = {
			isa = PBXTargetDependency;
			target = 47C09B712415F32000AD7869 /* Royale */;
			targetProxy = 47C09B892415F32100AD7869 /* PBXContainerItemProxy */;
		};
		47C09B952415F32100AD7869 /* PBXTargetDependency */ = {
			isa = PBXTargetDependency;
			target = 47C09B712415F32000AD7869 /* Royale */;
			targetProxy = 47C09B942415F32100AD7869 /* PBXContainerItemProxy */;
		};
/* End PBXTargetDependency section */

/* Begin PBXVariantGroup section */
		47C09B802415F32100AD7869 /* LaunchScreen.storyboard */ = {
			isa = PBXVariantGroup;
			children = (
				47C09B812415F32100AD7869 /* Base */,
			);
			name = LaunchScreen.storyboard;
			sourceTree = "<group>";
		};
/* End PBXVariantGroup section */

/* Begin XCBuildConfiguration section */
		47C09B9A2415F32100AD7869 /* Debug */ = {
			isa = XCBuildConfiguration;
			buildSettings = {
				ALWAYS_SEARCH_USER_PATHS = NO;
				CLANG_ANALYZER_NONNULL = YES;
				CLANG_ANALYZER_NUMBER_OBJECT_CONVERSION = YES_AGGRESSIVE;
				CLANG_CXX_LANGUAGE_STANDARD = "gnu++14";
				CLANG_CXX_LIBRARY = "libc++";
				CLANG_ENABLE_MODULES = YES;
				CLANG_ENABLE_OBJC_ARC = YES;
				CLANG_ENABLE_OBJC_WEAK = YES;
				CLANG_WARN_BLOCK_CAPTURE_AUTORELEASING = YES;
				CLANG_WARN_BOOL_CONVERSION = YES;
				CLANG_WARN_COMMA = YES;
				CLANG_WARN_CONSTANT_CONVERSION = YES;
				CLANG_WARN_DEPRECATED_OBJC_IMPLEMENTATIONS = YES;
				CLANG_WARN_DIRECT_OBJC_ISA_USAGE = YES_ERROR;
				CLANG_WARN_DOCUMENTATION_COMMENTS = YES;
				CLANG_WARN_EMPTY_BODY = YES;
				CLANG_WARN_ENUM_CONVERSION = YES;
				CLANG_WARN_INFINITE_RECURSION = YES;
				CLANG_WARN_INT_CONVERSION = YES;
				CLANG_WARN_NON_LITERAL_NULL_CONVERSION = YES;
				CLANG_WARN_OBJC_IMPLICIT_RETAIN_SELF = YES;
				CLANG_WARN_OBJC_LITERAL_CONVERSION = YES;
				CLANG_WARN_OBJC_ROOT_CLASS = YES_ERROR;
				CLANG_WARN_RANGE_LOOP_ANALYSIS = YES;
				CLANG_WARN_STRICT_PROTOTYPES = YES;
				CLANG_WARN_SUSPICIOUS_MOVE = YES;
				CLANG_WARN_UNGUARDED_AVAILABILITY = YES_AGGRESSIVE;
				CLANG_WARN_UNREACHABLE_CODE = YES;
				CLANG_WARN__DUPLICATE_METHOD_MATCH = YES;
				COPY_PHASE_STRIP = NO;
				DEBUG_INFORMATION_FORMAT = dwarf;
				ENABLE_STRICT_OBJC_MSGSEND = YES;
				ENABLE_TESTABILITY = YES;
				GCC_C_LANGUAGE_STANDARD = gnu11;
				GCC_DYNAMIC_NO_PIC = NO;
				GCC_NO_COMMON_BLOCKS = YES;
				GCC_OPTIMIZATION_LEVEL = 0;
				GCC_PREPROCESSOR_DEFINITIONS = (
					"DEBUG=1",
					"$(inherited)",
				);
				GCC_WARN_64_TO_32_BIT_CONVERSION = YES;
				GCC_WARN_ABOUT_RETURN_TYPE = YES_ERROR;
				GCC_WARN_UNDECLARED_SELECTOR = YES;
				GCC_WARN_UNINITIALIZED_AUTOS = YES_AGGRESSIVE;
				GCC_WARN_UNUSED_FUNCTION = YES;
				GCC_WARN_UNUSED_VARIABLE = YES;
				IPHONEOS_DEPLOYMENT_TARGET = 13.2;
				MTL_ENABLE_DEBUG_INFO = INCLUDE_SOURCE;
				MTL_FAST_MATH = YES;
				ONLY_ACTIVE_ARCH = YES;
				SDKROOT = iphoneos;
				SWIFT_ACTIVE_COMPILATION_CONDITIONS = DEBUG;
				SWIFT_OPTIMIZATION_LEVEL = "-Onone";
			};
			name = Debug;
		};
		47C09B9B2415F32100AD7869 /* Release */ = {
			isa = XCBuildConfiguration;
			buildSettings = {
				ALWAYS_SEARCH_USER_PATHS = NO;
				CLANG_ANALYZER_NONNULL = YES;
				CLANG_ANALYZER_NUMBER_OBJECT_CONVERSION = YES_AGGRESSIVE;
				CLANG_CXX_LANGUAGE_STANDARD = "gnu++14";
				CLANG_CXX_LIBRARY = "libc++";
				CLANG_ENABLE_MODULES = YES;
				CLANG_ENABLE_OBJC_ARC = YES;
				CLANG_ENABLE_OBJC_WEAK = YES;
				CLANG_WARN_BLOCK_CAPTURE_AUTORELEASING = YES;
				CLANG_WARN_BOOL_CONVERSION = YES;
				CLANG_WARN_COMMA = YES;
				CLANG_WARN_CONSTANT_CONVERSION = YES;
				CLANG_WARN_DEPRECATED_OBJC_IMPLEMENTATIONS = YES;
				CLANG_WARN_DIRECT_OBJC_ISA_USAGE = YES_ERROR;
				CLANG_WARN_DOCUMENTATION_COMMENTS = YES;
				CLANG_WARN_EMPTY_BODY = YES;
				CLANG_WARN_ENUM_CONVERSION = YES;
				CLANG_WARN_INFINITE_RECURSION = YES;
				CLANG_WARN_INT_CONVERSION = YES;
				CLANG_WARN_NON_LITERAL_NULL_CONVERSION = YES;
				CLANG_WARN_OBJC_IMPLICIT_RETAIN_SELF = YES;
				CLANG_WARN_OBJC_LITERAL_CONVERSION = YES;
				CLANG_WARN_OBJC_ROOT_CLASS = YES_ERROR;
				CLANG_WARN_RANGE_LOOP_ANALYSIS = YES;
				CLANG_WARN_STRICT_PROTOTYPES = YES;
				CLANG_WARN_SUSPICIOUS_MOVE = YES;
				CLANG_WARN_UNGUARDED_AVAILABILITY = YES_AGGRESSIVE;
				CLANG_WARN_UNREACHABLE_CODE = YES;
				CLANG_WARN__DUPLICATE_METHOD_MATCH = YES;
				COPY_PHASE_STRIP = NO;
				DEBUG_INFORMATION_FORMAT = "dwarf-with-dsym";
				ENABLE_NS_ASSERTIONS = NO;
				ENABLE_STRICT_OBJC_MSGSEND = YES;
				GCC_C_LANGUAGE_STANDARD = gnu11;
				GCC_NO_COMMON_BLOCKS = YES;
				GCC_WARN_64_TO_32_BIT_CONVERSION = YES;
				GCC_WARN_ABOUT_RETURN_TYPE = YES_ERROR;
				GCC_WARN_UNDECLARED_SELECTOR = YES;
				GCC_WARN_UNINITIALIZED_AUTOS = YES_AGGRESSIVE;
				GCC_WARN_UNUSED_FUNCTION = YES;
				GCC_WARN_UNUSED_VARIABLE = YES;
				IPHONEOS_DEPLOYMENT_TARGET = 13.2;
				MTL_ENABLE_DEBUG_INFO = NO;
				MTL_FAST_MATH = YES;
				SDKROOT = iphoneos;
				SWIFT_COMPILATION_MODE = wholemodule;
				SWIFT_OPTIMIZATION_LEVEL = "-O";
				VALIDATE_PRODUCT = YES;
			};
			name = Release;
		};
		47C09B9D2415F32100AD7869 /* Debug */ = {
			isa = XCBuildConfiguration;
			buildSettings = {
				ASSETCATALOG_COMPILER_APPICON_NAME = AppIcon;
				CODE_SIGN_STYLE = Automatic;
				DEVELOPMENT_ASSET_PATHS = "\"Royale/Preview Content\"";
				DEVELOPMENT_TEAM = FS585TKLVD;
				ENABLE_PREVIEWS = YES;
				INFOPLIST_FILE = Royale/Info.plist;
				LD_RUNPATH_SEARCH_PATHS = (
					"$(inherited)",
					"@executable_path/Frameworks",
				);
				PRODUCT_BUNDLE_IDENTIFIER = arnav404.Royale;
				PRODUCT_NAME = "$(TARGET_NAME)";
				SWIFT_VERSION = 5.0;
				TARGETED_DEVICE_FAMILY = "1,2";
			};
			name = Debug;
		};
		47C09B9E2415F32100AD7869 /* Release */ = {
			isa = XCBuildConfiguration;
			buildSettings = {
				ASSETCATALOG_COMPILER_APPICON_NAME = AppIcon;
				CODE_SIGN_STYLE = Automatic;
				DEVELOPMENT_ASSET_PATHS = "\"Royale/Preview Content\"";
				DEVELOPMENT_TEAM = FS585TKLVD;
				ENABLE_PREVIEWS = YES;
				INFOPLIST_FILE = Royale/Info.plist;
				LD_RUNPATH_SEARCH_PATHS = (
					"$(inherited)",
					"@executable_path/Frameworks",
				);
				PRODUCT_BUNDLE_IDENTIFIER = arnav404.Royale;
				PRODUCT_NAME = "$(TARGET_NAME)";
				SWIFT_VERSION = 5.0;
				TARGETED_DEVICE_FAMILY = "1,2";
			};
			name = Release;
		};
		47C09BA02415F32100AD7869 /* Debug */ = {
			isa = XCBuildConfiguration;
			buildSettings = {
				ALWAYS_EMBED_SWIFT_STANDARD_LIBRARIES = YES;
				BUNDLE_LOADER = "$(TEST_HOST)";
				CODE_SIGN_STYLE = Automatic;
				DEVELOPMENT_TEAM = FS585TKLVD;
				INFOPLIST_FILE = RoyaleTests/Info.plist;
				IPHONEOS_DEPLOYMENT_TARGET = 13.2;
				LD_RUNPATH_SEARCH_PATHS = (
					"$(inherited)",
					"@executable_path/Frameworks",
					"@loader_path/Frameworks",
				);
				PRODUCT_BUNDLE_IDENTIFIER = arnav404.RoyaleTests;
				PRODUCT_NAME = "$(TARGET_NAME)";
				SWIFT_VERSION = 5.0;
				TARGETED_DEVICE_FAMILY = "1,2";
				TEST_HOST = "$(BUILT_PRODUCTS_DIR)/Royale.app/Royale";
			};
			name = Debug;
		};
		47C09BA12415F32100AD7869 /* Release */ = {
			isa = XCBuildConfiguration;
			buildSettings = {
				ALWAYS_EMBED_SWIFT_STANDARD_LIBRARIES = YES;
				BUNDLE_LOADER = "$(TEST_HOST)";
				CODE_SIGN_STYLE = Automatic;
				DEVELOPMENT_TEAM = FS585TKLVD;
				INFOPLIST_FILE = RoyaleTests/Info.plist;
				IPHONEOS_DEPLOYMENT_TARGET = 13.2;
				LD_RUNPATH_SEARCH_PATHS = (
					"$(inherited)",
					"@executable_path/Frameworks",
					"@loader_path/Frameworks",
				);
				PRODUCT_BUNDLE_IDENTIFIER = arnav404.RoyaleTests;
				PRODUCT_NAME = "$(TARGET_NAME)";
				SWIFT_VERSION = 5.0;
				TARGETED_DEVICE_FAMILY = "1,2";
				TEST_HOST = "$(BUILT_PRODUCTS_DIR)/Royale.app/Royale";
			};
			name = Release;
		};
		47C09BA32415F32100AD7869 /* Debug */ = {
			isa = XCBuildConfiguration;
			buildSettings = {
				ALWAYS_EMBED_SWIFT_STANDARD_LIBRARIES = YES;
				CODE_SIGN_STYLE = Automatic;
				DEVELOPMENT_TEAM = FS585TKLVD;
				INFOPLIST_FILE = RoyaleUITests/Info.plist;
				LD_RUNPATH_SEARCH_PATHS = (
					"$(inherited)",
					"@executable_path/Frameworks",
					"@loader_path/Frameworks",
				);
				PRODUCT_BUNDLE_IDENTIFIER = arnav404.RoyaleUITests;
				PRODUCT_NAME = "$(TARGET_NAME)";
				SWIFT_VERSION = 5.0;
				TARGETED_DEVICE_FAMILY = "1,2";
				TEST_TARGET_NAME = Royale;
			};
			name = Debug;
		};
		47C09BA42415F32100AD7869 /* Release */ = {
			isa = XCBuildConfiguration;
			buildSettings = {
				ALWAYS_EMBED_SWIFT_STANDARD_LIBRARIES = YES;
				CODE_SIGN_STYLE = Automatic;
				DEVELOPMENT_TEAM = FS585TKLVD;
				INFOPLIST_FILE = RoyaleUITests/Info.plist;
				LD_RUNPATH_SEARCH_PATHS = (
					"$(inherited)",
					"@executable_path/Frameworks",
					"@loader_path/Frameworks",
				);
				PRODUCT_BUNDLE_IDENTIFIER = arnav404.RoyaleUITests;
				PRODUCT_NAME = "$(TARGET_NAME)";
				SWIFT_VERSION = 5.0;
				TARGETED_DEVICE_FAMILY = "1,2";
				TEST_TARGET_NAME = Royale;
			};
			name = Release;
		};
/* End XCBuildConfiguration section */

/* Begin XCConfigurationList section */
		47C09B6D2415F32000AD7869 /* Build configuration list for PBXProject "Royale" */ = {
			isa = XCConfigurationList;
			buildConfigurations = (
				47C09B9A2415F32100AD7869 /* Debug */,
				47C09B9B2415F32100AD7869 /* Release */,
			);
			defaultConfigurationIsVisible = 0;
			defaultConfigurationName = Release;
		};
		47C09B9C2415F32100AD7869 /* Build configuration list for PBXNativeTarget "Royale" */ = {
			isa = XCConfigurationList;
			buildConfigurations = (
				47C09B9D2415F32100AD7869 /* Debug */,
				47C09B9E2415F32100AD7869 /* Release */,
			);
			defaultConfigurationIsVisible = 0;
			defaultConfigurationName = Release;
		};
		47C09B9F2415F32100AD7869 /* Build configuration list for PBXNativeTarget "RoyaleTests" */ = {
			isa = XCConfigurationList;
			buildConfigurations = (
				47C09BA02415F32100AD7869 /* Debug */,
				47C09BA12415F32100AD7869 /* Release */,
			);
			defaultConfigurationIsVisible = 0;
			defaultConfigurationName = Release;
		};
		47C09BA22415F32100AD7869 /* Build configuration list for PBXNativeTarget "RoyaleUITests" */ = {
			isa = XCConfigurationList;
			buildConfigurations = (
				47C09BA32415F32100AD7869 /* Debug */,
				47C09BA42415F32100AD7869 /* Release */,
			);
			defaultConfigurationIsVisible = 0;
			defaultConfigurationName = Release;
		};
/* End XCConfigurationList section */
	};
	rootObject = 47C09B6A2415F32000AD7869 /* Project object */;
}
